
Microsoft Visual Studio Solution File, Format Version 12.00
# Visual Studio Version 16
VisualStudioVersion = 16.0.31702.278
MinimumVisualStudioVersion = 10.0.40219.1
Project("{FAE04EC0-301F-11D3-BF4B-00C04F79EFBC}") = "MusicApi", "MusicApi\MusicApi.csproj", "{0DBE1167-83F3-4C17-868C-41B9601188E7}"
EndProject
Global
	GlobalSection(SolutionConfigurationPlatforms) = preSolution
		Debug|Any CPU = Debug|Any CPU
		Release|Any CPU = Release|Any CPU
	EndGlobalSection
	GlobalSection(ProjectConfigurationPlatforms) = postSolution
		{0DBE1167-83F3-4C17-868C-41B9601188E7}.Debug|Any CPU.ActiveCfg = Debug|Any CPU
		{0DBE1167-83F3-4C17-868C-41B9601188E7}.Debug|Any CPU.Build.0 = Debug|Any CPU
		{0DBE1167-83F3-4C17-868C-41B9601188E7}.Release|Any CPU.ActiveCfg = Release|Any CPU
		{0DBE1167-83F3-4C17-868C-41B9601188E7}.Release|Any CPU.Build.0 = Release|Any CPU
	EndGlobalSection
	GlobalSection(SolutionProperties) = preSolution
		HideSolutionNode = FALSE
	EndGlobalSection
	GlobalSection(ExtensibilityGlobals) = postSolution
		SolutionGuid = {7BEAA37D-E1FD-4E2F-8208-93569216B587}
	EndGlobalSection
EndGlobal
